
Microsoft Visual Studio Solution File, Format Version 12.00
Project("{FAE04EC0-301F-11D3-BF4B-00C04F79EFBC}") = "TMDB", "TMDB\TMDB.csproj", "{F7BF2F10-0A1D-48B3-83B9-FBF2E1C00443}"
EndProject
Global
	GlobalSection(SolutionConfigurationPlatforms) = preSolution
		Debug|Any CPU = Debug|Any CPU
		Release|Any CPU = Release|Any CPU
	EndGlobalSection
	GlobalSection(ProjectConfigurationPlatforms) = postSolution
		{F7BF2F10-0A1D-48B3-83B9-FBF2E1C00443}.Debug|Any CPU.ActiveCfg = Debug|Any CPU
		{F7BF2F10-0A1D-48B3-83B9-FBF2E1C00443}.Debug|Any CPU.Build.0 = Debug|Any CPU
		{F7BF2F10-0A1D-48B3-83B9-FBF2E1C00443}.Release|Any CPU.ActiveCfg = Release|Any CPU
		{F7BF2F10-0A1D-48B3-83B9-FBF2E1C00443}.Release|Any CPU.Build.0 = Release|Any CPU
	EndGlobalSection
EndGlobal
